// !$*UTF8*$!
{
	archiveVersion = 1;
	classes = {
	};
	objectVersion = 50;
	objects = {

/* Begin PBXBuildFile section */
		142D7CD0234A565800D07D51 /* AppDelegate.swift in Sources */ = {isa = PBXBuildFile; fileRef = 142D7CCF234A565800D07D51 /* AppDelegate.swift */; };
		142D7CD2234A565800D07D51 /* SceneDelegate.swift in Sources */ = {isa = PBXBuildFile; fileRef = 142D7CD1234A565800D07D51 /* SceneDelegate.swift */; };
		142D7CD4234A565800D07D51 /* QuestionViewController.swift in Sources */ = {isa = PBXBuildFile; fileRef = 142D7CD3234A565800D07D51 /* QuestionViewController.swift */; };
		142D7CD7234A565800D07D51 /* Main.storyboard in Resources */ = {isa = PBXBuildFile; fileRef = 142D7CD5234A565800D07D51 /* Main.storyboard */; };
		142D7CD9234A565D00D07D51 /* Assets.xcassets in Resources */ = {isa = PBXBuildFile; fileRef = 142D7CD8234A565D00D07D51 /* Assets.xcassets */; };
		142D7CDC234A565D00D07D51 /* LaunchScreen.storyboard in Resources */ = {isa = PBXBuildFile; fileRef = 142D7CDA234A565D00D07D51 /* LaunchScreen.storyboard */; };
		142D7CEC234A590000D07D51 /* Question.swift in Sources */ = {isa = PBXBuildFile; fileRef = 142D7CEB234A590000D07D51 /* Question.swift */; };
		142D7CEE234A5A7400D07D51 /* QuestionGroup.swift in Sources */ = {isa = PBXBuildFile; fileRef = 142D7CED234A5A7400D07D51 /* QuestionGroup.swift */; };
		142D7CF0234A5B1E00D07D51 /* QuestionGroupData.swift in Sources */ = {isa = PBXBuildFile; fileRef = 142D7CEF234A5B1E00D07D51 /* QuestionGroupData.swift */; };
		142D7CF2234A5E1900D07D51 /* QuestionView.swift in Sources */ = {isa = PBXBuildFile; fileRef = 142D7CF1234A5E1900D07D51 /* QuestionView.swift */; };
		142D7CF4234C476E00D07D51 /* SelectQuestionGroupViewController.swift in Sources */ = {isa = PBXBuildFile; fileRef = 142D7CF3234C476D00D07D51 /* SelectQuestionGroupViewController.swift */; };
		142D7CF6234C4CB300D07D51 /* QuestionGroupCell.swift in Sources */ = {isa = PBXBuildFile; fileRef = 142D7CF5234C4CB300D07D51 /* QuestionGroupCell.swift */; };
/* End PBXBuildFile section */

/* Begin PBXFileReference section */
		142D7CCC234A565800D07D51 /* anki-clone.app */ = {isa = PBXFileReference; explicitFileType = wrapper.application; includeInIndex = 0; path = "anki-clone.app"; sourceTree = BUILT_PRODUCTS_DIR; };
		142D7CCF234A565800D07D51 /* AppDelegate.swift */ = {isa = PBXFileReference; lastKnownFileType = sourcecode.swift; path = AppDelegate.swift; sourceTree = "<group>"; };
		142D7CD1234A565800D07D51 /* SceneDelegate.swift */ = {isa = PBXFileReference; lastKnownFileType = sourcecode.swift; path = SceneDelegate.swift; sourceTree = "<group>"; };
		142D7CD3234A565800D07D51 /* QuestionViewController.swift */ = {isa = PBXFileReference; lastKnownFileType = sourcecode.swift; path = QuestionViewController.swift; sourceTree = "<group>"; };
		142D7CD6234A565800D07D51 /* Base */ = {isa = PBXFileReference; lastKnownFileType = file.storyboard; name = Base; path = Base.lproj/Main.storyboard; sourceTree = "<group>"; };
		142D7CD8234A565D00D07D51 /* Assets.xcassets */ = {isa = PBXFileReference; lastKnownFileType = folder.assetcatalog; path = Assets.xcassets; sourceTree = "<group>"; };
		142D7CDB234A565D00D07D51 /* Base */ = {isa = PBXFileReference; lastKnownFileType = file.storyboard; name = Base; path = Base.lproj/LaunchScreen.storyboard; sourceTree = "<group>"; };
		142D7CDD234A565D00D07D51 /* Info.plist */ = {isa = PBXFileReference; lastKnownFileType = text.plist.xml; path = Info.plist; sourceTree = "<group>"; };
		142D7CEB234A590000D07D51 /* Question.swift */ = {isa = PBXFileReference; lastKnownFileType = sourcecode.swift; path = Question.swift; sourceTree = "<group>"; };
		142D7CED234A5A7400D07D51 /* QuestionGroup.swift */ = {isa = PBXFileReference; lastKnownFileType = sourcecode.swift; path = QuestionGroup.swift; sourceTree = "<group>"; };
		142D7CEF234A5B1E00D07D51 /* QuestionGroupData.swift */ = {isa = PBXFileReference; fileEncoding = 4; lastKnownFileType = sourcecode.swift; path = QuestionGroupData.swift; sourceTree = "<group>"; };
		142D7CF1234A5E1900D07D51 /* QuestionView.swift */ = {isa = PBXFileReference; lastKnownFileType = sourcecode.swift; path = QuestionView.swift; sourceTree = "<group>"; };
		142D7CF3234C476D00D07D51 /* SelectQuestionGroupViewController.swift */ = {isa = PBXFileReference; lastKnownFileType = sourcecode.swift; path = SelectQuestionGroupViewController.swift; sourceTree = "<group>"; };
		142D7CF5234C4CB300D07D51 /* QuestionGroupCell.swift */ = {isa = PBXFileReference; lastKnownFileType = sourcecode.swift; path = QuestionGroupCell.swift; sourceTree = "<group>"; };
/* End PBXFileReference section */

/* Begin PBXFrameworksBuildPhase section */
		142D7CC9234A565800D07D51 /* Frameworks */ = {
			isa = PBXFrameworksBuildPhase;
			buildActionMask = 2147483647;
			files = (
			);
			runOnlyForDeploymentPostprocessing = 0;
		};
/* End PBXFrameworksBuildPhase section */

/* Begin PBXGroup section */
		142D7CC3234A565800D07D51 = {
			isa = PBXGroup;
			children = (
				142D7CCE234A565800D07D51 /* anki-clone */,
				142D7CCD234A565800D07D51 /* Products */,
			);
			sourceTree = "<group>";
		};
		142D7CCD234A565800D07D51 /* Products */ = {
			isa = PBXGroup;
			children = (
				142D7CCC234A565800D07D51 /* anki-clone.app */,
			);
			name = Products;
			sourceTree = "<group>";
		};
		142D7CCE234A565800D07D51 /* anki-clone */ = {
			isa = PBXGroup;
			children = (
				142D7CE8234A571E00D07D51 /* Resources */,
				142D7CE7234A571000D07D51 /* Views */,
				142D7CE6234A56FD00D07D51 /* Models */,
				142D7CE5234A56F700D07D51 /* Controllers */,
				142D7CE3234A569400D07D51 /* AppDelegate */,
			);
			path = "anki-clone";
			sourceTree = "<group>";
		};
		142D7CE3234A569400D07D51 /* AppDelegate */ = {
			isa = PBXGroup;
			children = (
				142D7CCF234A565800D07D51 /* AppDelegate.swift */,
				142D7CD1234A565800D07D51 /* SceneDelegate.swift */,
			);
			path = AppDelegate;
			sourceTree = "<group>";
		};
		142D7CE5234A56F700D07D51 /* Controllers */ = {
			isa = PBXGroup;
			children = (
				142D7CD3234A565800D07D51 /* QuestionViewController.swift */,
				142D7CF3234C476D00D07D51 /* SelectQuestionGroupViewController.swift */,
			);
			path = Controllers;
			sourceTree = "<group>";
		};
		142D7CE6234A56FD00D07D51 /* Models */ = {
			isa = PBXGroup;
			children = (
				142D7CEB234A590000D07D51 /* Question.swift */,
				142D7CED234A5A7400D07D51 /* QuestionGroup.swift */,
				142D7CEF234A5B1E00D07D51 /* QuestionGroupData.swift */,
			);
			path = Models;
			sourceTree = "<group>";
		};
		142D7CE7234A571000D07D51 /* Views */ = {
			isa = PBXGroup;
			children = (
				142D7CD5234A565800D07D51 /* Main.storyboard */,
				142D7CDA234A565D00D07D51 /* LaunchScreen.storyboard */,
				142D7CF1234A5E1900D07D51 /* QuestionView.swift */,
				142D7CF5234C4CB300D07D51 /* QuestionGroupCell.swift */,
			);
			path = Views;
			sourceTree = "<group>";
		};
		142D7CE8234A571E00D07D51 /* Resources */ = {
			isa = PBXGroup;
			children = (
				142D7CD8234A565D00D07D51 /* Assets.xcassets */,
				142D7CDD234A565D00D07D51 /* Info.plist */,
			);
			path = Resources;
			sourceTree = "<group>";
		};
/* End PBXGroup section */

/* Begin PBXNativeTarget section */
		142D7CCB234A565800D07D51 /* anki-clone */ = {
			isa = PBXNativeTarget;
			buildConfigurationList = 142D7CE0234A565D00D07D51 /* Build configuration list for PBXNativeTarget "anki-clone" */;
			buildPhases = (
				142D7CC8234A565800D07D51 /* Sources */,
				142D7CC9234A565800D07D51 /* Frameworks */,
				142D7CCA234A565800D07D51 /* Resources */,
			);
			buildRules = (
			);
			dependencies = (
			);
			name = "anki-clone";
			productName = "anki-clone";
			productReference = 142D7CCC234A565800D07D51 /* anki-clone.app */;
			productType = "com.apple.product-type.application";
		};
/* End PBXNativeTarget section */

/* Begin PBXProject section */
		142D7CC4234A565800D07D51 /* Project object */ = {
			isa = PBXProject;
			attributes = {
				LastSwiftUpdateCheck = 1110;
				LastUpgradeCheck = 1110;
				ORGANIZATIONNAME = X;
				TargetAttributes = {
					142D7CCB234A565800D07D51 = {
						CreatedOnToolsVersion = 11.1;
					};
				};
			};
			buildConfigurationList = 142D7CC7234A565800D07D51 /* Build configuration list for PBXProject "anki-clone" */;
			compatibilityVersion = "Xcode 9.3";
			developmentRegion = en;
			hasScannedForEncodings = 0;
			knownRegions = (
				en,
				Base,
			);
			mainGroup = 142D7CC3234A565800D07D51;
			productRefGroup = 142D7CCD234A565800D07D51 /* Products */;
			projectDirPath = "";
			projectRoot = "";
			targets = (
				142D7CCB234A565800D07D51 /* anki-clone */,
			);
		};
/* End PBXProject section */

/* Begin PBXResourcesBuildPhase section */
		142D7CCA234A565800D07D51 /* Resources */ = {
			isa = PBXResourcesBuildPhase;
			buildActionMask = 2147483647;
			files = (
				142D7CDC234A565D00D07D51 /* LaunchScreen.storyboard in Resources */,
				142D7CD9234A565D00D07D51 /* Assets.xcassets in Resources */,
				142D7CD7234A565800D07D51 /* Main.storyboard in Resources */,
			);
			runOnlyForDeploymentPostprocessing = 0;
		};
/* End PBXResourcesBuildPhase section */

/* Begin PBXSourcesBuildPhase section */
		142D7CC8234A565800D07D51 /* Sources */ = {
			isa = PBXSourcesBuildPhase;
			buildActionMask = 2147483647;
			files = (
				142D7CD4234A565800D07D51 /* QuestionViewController.swift in Sources */,
				142D7CEC234A590000D07D51 /* Question.swift in Sources */,
				142D7CD0234A565800D07D51 /* AppDelegate.swift in Sources */,
				142D7CF2234A5E1900D07D51 /* QuestionView.swift in Sources */,
				142D7CF0234A5B1E00D07D51 /* QuestionGroupData.swift in Sources */,
				142D7CF6234C4CB300D07D51 /* QuestionGroupCell.swift in Sources */,
				142D7CEE234A5A7400D07D51 /* QuestionGroup.swift in Sources */,
				142D7CF4234C476E00D07D51 /* SelectQuestionGroupViewController.swift in Sources */,
				142D7CD2234A565800D07D51 /* SceneDelegate.swift in Sources */,
			);
			runOnlyForDeploymentPostprocessing = 0;
		};
/* End PBXSourcesBuildPhase section */

/* Begin PBXVariantGroup section */
		142D7CD5234A565800D07D51 /* Main.storyboard */ = {
			isa = PBXVariantGroup;
			children = (
				142D7CD6234A565800D07D51 /* Base */,
			);
			name = Main.storyboard;
			sourceTree = "<group>";
		};
		142D7CDA234A565D00D07D51 /* LaunchScreen.storyboard */ = {
			isa = PBXVariantGroup;
			children = (
				142D7CDB234A565D00D07D51 /* Base */,
			);
			name = LaunchScreen.storyboard;
			sourceTree = "<group>";
		};
/* End PBXVariantGroup section */

/* Begin XCBuildConfiguration section */
		142D7CDE234A565D00D07D51 /* Debug */ = {
			isa = XCBuildConfiguration;
			buildSettings = {
				ALWAYS_SEARCH_USER_PATHS = NO;
				CLANG_ANALYZER_NONNULL = YES;
				CLANG_ANALYZER_NUMBER_OBJECT_CONVERSION = YES_AGGRESSIVE;
				CLANG_CXX_LANGUAGE_STANDARD = "gnu++14";
				CLANG_CXX_LIBRARY = "libc++";
				CLANG_ENABLE_MODULES = YES;
				CLANG_ENABLE_OBJC_ARC = YES;
				CLANG_ENABLE_OBJC_WEAK = YES;
				CLANG_WARN_BLOCK_CAPTURE_AUTORELEASING = YES;
				CLANG_WARN_BOOL_CONVERSION = YES;
				CLANG_WARN_COMMA = YES;
				CLANG_WARN_CONSTANT_CONVERSION = YES;
				CLANG_WARN_DEPRECATED_OBJC_IMPLEMENTATIONS = YES;
				CLANG_WARN_DIRECT_OBJC_ISA_USAGE = YES_ERROR;
				CLANG_WARN_DOCUMENTATION_COMMENTS = YES;
				CLANG_WARN_EMPTY_BODY = YES;
				CLANG_WARN_ENUM_CONVERSION = YES;
				CLANG_WARN_INFINITE_RECURSION = YES;
				CLANG_WARN_INT_CONVERSION = YES;
				CLANG_WARN_NON_LITERAL_NULL_CONVERSION = YES;
				CLANG_WARN_OBJC_IMPLICIT_RETAIN_SELF = YES;
				CLANG_WARN_OBJC_LITERAL_CONVERSION = YES;
				CLANG_WARN_OBJC_ROOT_CLASS = YES_ERROR;
				CLANG_WARN_RANGE_LOOP_ANALYSIS = YES;
				CLANG_WARN_STRICT_PROTOTYPES = YES;
				CLANG_WARN_SUSPICIOUS_MOVE = YES;
				CLANG_WARN_UNGUARDED_AVAILABILITY = YES_AGGRESSIVE;
				CLANG_WARN_UNREACHABLE_CODE = YES;
				CLANG_WARN__DUPLICATE_METHOD_MATCH = YES;
				COPY_PHASE_STRIP = NO;
				DEBUG_INFORMATION_FORMAT = dwarf;
				ENABLE_STRICT_OBJC_MSGSEND = YES;
				ENABLE_TESTABILITY = YES;
				GCC_C_LANGUAGE_STANDARD = gnu11;
				GCC_DYNAMIC_NO_PIC = NO;
				GCC_NO_COMMON_BLOCKS = YES;
				GCC_OPTIMIZATION_LEVEL = 0;
				GCC_PREPROCESSOR_DEFINITIONS = (
					"DEBUG=1",
					"$(inherited)",
				);
				GCC_WARN_64_TO_32_BIT_CONVERSION = YES;
				GCC_WARN_ABOUT_RETURN_TYPE = YES_ERROR;
				GCC_WARN_UNDECLARED_SELECTOR = YES;
				GCC_WARN_UNINITIALIZED_AUTOS = YES_AGGRESSIVE;
				GCC_WARN_UNUSED_FUNCTION = YES;
				GCC_WARN_UNUSED_VARIABLE = YES;
				IPHONEOS_DEPLOYMENT_TARGET = 13.1;
				MTL_ENABLE_DEBUG_INFO = INCLUDE_SOURCE;
				MTL_FAST_MATH = YES;
				ONLY_ACTIVE_ARCH = YES;
				SDKROOT = iphoneos;
				SWIFT_ACTIVE_COMPILATION_CONDITIONS = DEBUG;
				SWIFT_OPTIMIZATION_LEVEL = "-Onone";
			};
			name = Debug;
		};
		142D7CDF234A565D00D07D51 /* Release */ = {
			isa = XCBuildConfiguration;
			buildSettings = {
				ALWAYS_SEARCH_USER_PATHS = NO;
				CLANG_ANALYZER_NONNULL = YES;
				CLANG_ANALYZER_NUMBER_OBJECT_CONVERSION = YES_AGGRESSIVE;
				CLANG_CXX_LANGUAGE_STANDARD = "gnu++14";
				CLANG_CXX_LIBRARY = "libc++";
				CLANG_ENABLE_MODULES = YES;
				CLANG_ENABLE_OBJC_ARC = YES;
				CLANG_ENABLE_OBJC_WEAK = YES;
				CLANG_WARN_BLOCK_CAPTURE_AUTORELEASING = YES;
				CLANG_WARN_BOOL_CONVERSION = YES;
				CLANG_WARN_COMMA = YES;
				CLANG_WARN_CONSTANT_CONVERSION = YES;
				CLANG_WARN_DEPRECATED_OBJC_IMPLEMENTATIONS = YES;
				CLANG_WARN_DIRECT_OBJC_ISA_USAGE = YES_ERROR;
				CLANG_WARN_DOCUMENTATION_COMMENTS = YES;
				CLANG_WARN_EMPTY_BODY = YES;
				CLANG_WARN_ENUM_CONVERSION = YES;
				CLANG_WARN_INFINITE_RECURSION = YES;
				CLANG_WARN_INT_CONVERSION = YES;
				CLANG_WARN_NON_LITERAL_NULL_CONVERSION = YES;
				CLANG_WARN_OBJC_IMPLICIT_RETAIN_SELF = YES;
				CLANG_WARN_OBJC_LITERAL_CONVERSION = YES;
				CLANG_WARN_OBJC_ROOT_CLASS = YES_ERROR;
				CLANG_WARN_RANGE_LOOP_ANALYSIS = YES;
				CLANG_WARN_STRICT_PROTOTYPES = YES;
				CLANG_WARN_SUSPICIOUS_MOVE = YES;
				CLANG_WARN_UNGUARDED_AVAILABILITY = YES_AGGRESSIVE;
				CLANG_WARN_UNREACHABLE_CODE = YES;
				CLANG_WARN__DUPLICATE_METHOD_MATCH = YES;
				COPY_PHASE_STRIP = NO;
				DEBUG_INFORMATION_FORMAT = "dwarf-with-dsym";
				ENABLE_NS_ASSERTIONS = NO;
				ENABLE_STRICT_OBJC_MSGSEND = YES;
				GCC_C_LANGUAGE_STANDARD = gnu11;
				GCC_NO_COMMON_BLOCKS = YES;
				GCC_WARN_64_TO_32_BIT_CONVERSION = YES;
				GCC_WARN_ABOUT_RETURN_TYPE = YES_ERROR;
				GCC_WARN_UNDECLARED_SELECTOR = YES;
				GCC_WARN_UNINITIALIZED_AUTOS = YES_AGGRESSIVE;
				GCC_WARN_UNUSED_FUNCTION = YES;
				GCC_WARN_UNUSED_VARIABLE = YES;
				IPHONEOS_DEPLOYMENT_TARGET = 13.1;
				MTL_ENABLE_DEBUG_INFO = NO;
				MTL_FAST_MATH = YES;
				SDKROOT = iphoneos;
				SWIFT_COMPILATION_MODE = wholemodule;
				SWIFT_OPTIMIZATION_LEVEL = "-O";
				VALIDATE_PRODUCT = YES;
			};
			name = Release;
		};
		142D7CE1234A565D00D07D51 /* Debug */ = {
			isa = XCBuildConfiguration;
			buildSettings = {
				ASSETCATALOG_COMPILER_APPICON_NAME = AppIcon;
				CODE_SIGN_STYLE = Automatic;
				DEVELOPMENT_TEAM = 28XXG6S5AU;
				INFOPLIST_FILE = "anki-clone/Resources/Info.plist";
				LD_RUNPATH_SEARCH_PATHS = (
					"$(inherited)",
					"@executable_path/Frameworks",
				);
				PRODUCT_BUNDLE_IDENTIFIER = "org.xrobotics.anki-clone";
				PRODUCT_NAME = "$(TARGET_NAME)";
				SWIFT_VERSION = 5.0;
				TARGETED_DEVICE_FAMILY = "1,2";
			};
			name = Debug;
		};
		142D7CE2234A565D00D07D51 /* Release */ = {
			isa = XCBuildConfiguration;
			buildSettings = {
				ASSETCATALOG_COMPILER_APPICON_NAME = AppIcon;
				CODE_SIGN_STYLE = Automatic;
				DEVELOPMENT_TEAM = 28XXG6S5AU;
				INFOPLIST_FILE = "anki-clone/Resources/Info.plist";
				LD_RUNPATH_SEARCH_PATHS = (
					"$(inherited)",
					"@executable_path/Frameworks",
				);
				PRODUCT_BUNDLE_IDENTIFIER = "org.xrobotics.anki-clone";
				PRODUCT_NAME = "$(TARGET_NAME)";
				SWIFT_VERSION = 5.0;
				TARGETED_DEVICE_FAMILY = "1,2";
			};
			name = Release;
		};
/* End XCBuildConfiguration section */

/* Begin XCConfigurationList section */
		142D7CC7234A565800D07D51 /* Build configuration list for PBXProject "anki-clone" */ = {
			isa = XCConfigurationList;
			buildConfigurations = (
				142D7CDE234A565D00D07D51 /* Debug */,
				142D7CDF234A565D00D07D51 /* Release */,
			);
			defaultConfigurationIsVisible = 0;
			defaultConfigurationName = Release;
		};
		142D7CE0234A565D00D07D51 /* Build configuration list for PBXNativeTarget "anki-clone" */ = {
			isa = XCConfigurationList;
			buildConfigurations = (
				142D7CE1234A565D00D07D51 /* Debug */,
				142D7CE2234A565D00D07D51 /* Release */,
			);
			defaultConfigurationIsVisible = 0;
			defaultConfigurationName = Release;
		};
/* End XCConfigurationList section */
	};
	rootObject = 142D7CC4234A565800D07D51 /* Project object */;
}
